
Microsoft Visual Studio Solution File, Format Version 12.00
# Visual Studio Version 17
VisualStudioVersion = 17.4.33403.182
MinimumVisualStudioVersion = 10.0.40219.1
Project("{FAE04EC0-301F-11D3-BF4B-00C04F79EFBC}") = "Activity_3", "Activity_3\Activity_3.csproj", "{B0999A06-1300-4190-B99D-D7C98ED22005}"
EndProject
Global
	GlobalSection(SolutionConfigurationPlatforms) = preSolution
		Debug|Any CPU = Debug|Any CPU
		Release|Any CPU = Release|Any CPU
	EndGlobalSection
	GlobalSection(ProjectConfigurationPlatforms) = postSolution
		{B0999A06-1300-4190-B99D-D7C98ED22005}.Debug|Any CPU.ActiveCfg = Debug|Any CPU
		{B0999A06-1300-4190-B99D-D7C98ED22005}.Debug|Any CPU.Build.0 = Debug|Any CPU
		{B0999A06-1300-4190-B99D-D7C98ED22005}.Release|Any CPU.ActiveCfg = Release|Any CPU
		{B0999A06-1300-4190-B99D-D7C98ED22005}.Release|Any CPU.Build.0 = Release|Any CPU
	EndGlobalSection
	GlobalSection(SolutionProperties) = preSolution
		HideSolutionNode = FALSE
	EndGlobalSection
	GlobalSection(ExtensibilityGlobals) = postSolution
		SolutionGuid = {436C1B3C-8161-44A2-A6DA-4D9922DE792E}
	EndGlobalSection
EndGlobal
